
Microsoft Visual Studio Solution File, Format Version 12.00
# Visual Studio Version 16
VisualStudioVersion = 16.0.31613.86
MinimumVisualStudioVersion = 10.0.40219.1
Project("{FAE04EC0-301F-11D3-BF4B-00C04F79EFBC}") = "MusicApi", "MusicApi\MusicApi.csproj", "{F50EAE90-D279-4347-8483-1C9007E926BD}"
EndProject
Global
	GlobalSection(SolutionConfigurationPlatforms) = preSolution
		Debug|Any CPU = Debug|Any CPU
		Release|Any CPU = Release|Any CPU
	EndGlobalSection
	GlobalSection(ProjectConfigurationPlatforms) = postSolution
		{F50EAE90-D279-4347-8483-1C9007E926BD}.Debug|Any CPU.ActiveCfg = Debug|Any CPU
		{F50EAE90-D279-4347-8483-1C9007E926BD}.Debug|Any CPU.Build.0 = Debug|Any CPU
		{F50EAE90-D279-4347-8483-1C9007E926BD}.Release|Any CPU.ActiveCfg = Release|Any CPU
		{F50EAE90-D279-4347-8483-1C9007E926BD}.Release|Any CPU.Build.0 = Release|Any CPU
	EndGlobalSection
	GlobalSection(SolutionProperties) = preSolution
		HideSolutionNode = FALSE
	EndGlobalSection
	GlobalSection(ExtensibilityGlobals) = postSolution
		SolutionGuid = {46D1B5BD-E9E7-49AD-A155-DDABD46CC060}
	EndGlobalSection
EndGlobal
